
Microsoft Visual Studio Solution File, Format Version 12.00
# Visual Studio Version 17
VisualStudioVersion = 17.10.34916.146
MinimumVisualStudioVersion = 10.0.40219.1
Project("{8BC9CEB8-8B4A-11D0-8D11-00A0C91BC942}") = "Jaime-Felix-LI-UIII-Ex01Rb", "Jaime-Felix-LI-UIII-Ex01Rb\Jaime-Felix-LI-UIII-Ex01Rb.vcxproj", "{42B192F4-5204-4051-A6DB-40BABE11ABFF}"
EndProject
Global
	GlobalSection(SolutionConfigurationPlatforms) = preSolution
		Debug|x64 = Debug|x64
		Debug|x86 = Debug|x86
		Release|x64 = Release|x64
		Release|x86 = Release|x86
	EndGlobalSection
	GlobalSection(ProjectConfigurationPlatforms) = postSolution
		{42B192F4-5204-4051-A6DB-40BABE11ABFF}.Debug|x64.ActiveCfg = Debug|x64
		{42B192F4-5204-4051-A6DB-40BABE11ABFF}.Debug|x64.Build.0 = Debug|x64
		{42B192F4-5204-4051-A6DB-40BABE11ABFF}.Debug|x86.ActiveCfg = Debug|Win32
		{42B192F4-5204-4051-A6DB-40BABE11ABFF}.Debug|x86.Build.0 = Debug|Win32
		{42B192F4-5204-4051-A6DB-40BABE11ABFF}.Release|x64.ActiveCfg = Release|x64
		{42B192F4-5204-4051-A6DB-40BABE11ABFF}.Release|x64.Build.0 = Release|x64
		{42B192F4-5204-4051-A6DB-40BABE11ABFF}.Release|x86.ActiveCfg = Release|Win32
		{42B192F4-5204-4051-A6DB-40BABE11ABFF}.Release|x86.Build.0 = Release|Win32
	EndGlobalSection
	GlobalSection(SolutionProperties) = preSolution
		HideSolutionNode = FALSE
	EndGlobalSection
	GlobalSection(ExtensibilityGlobals) = postSolution
		SolutionGuid = {65497137-7384-4653-B38D-EF55A361E02C}
	EndGlobalSection
EndGlobal
